
Microsoft Visual Studio Solution File, Format Version 12.00
Project("{FAE04EC0-301F-11D3-BF4B-00C04F79EFBC}") = "DecSm.Atom", "DecSm.Atom\DecSm.Atom.csproj", "{9FBBA0C3-97AA-45F2-9502-EE6BF9588BB2}"
EndProject
Project("{FAE04EC0-301F-11D3-BF4B-00C04F79EFBC}") = "DecSm.Atom.Sample", "DecSm.Atom.Sample\DecSm.Atom.Sample.csproj", "{C35021AE-0500-4E5E-9EF0-CC52279A28AF}"
EndProject
Project("{FAE04EC0-301F-11D3-BF4B-00C04F79EFBC}") = "DecSm.Atom.SourceGenerators", "DecSm.Atom.SourceGenerators\DecSm.Atom.SourceGenerators.csproj", "{7EF9BD7C-C876-4FBC-BCD0-C02BA0F55C8E}"
EndProject
Project("{FAE04EC0-301F-11D3-BF4B-00C04F79EFBC}") = "DecSm.Atom.SourceGenerators.Tests", "DecSm.Atom.SourceGenerators.Tests\DecSm.Atom.SourceGenerators.Tests.csproj", "{88376B30-0010-4834-945B-6ACA544FFFED}"
EndProject
Project("{2150E333-8FDC-42A3-9474-1A3956D46DE8}") = "SourceGenerators", "SourceGenerators", "{7F9DC0A4-12AC-48C1-B17F-B656EDFE5AFD}"
EndProject
Project("{FAE04EC0-301F-11D3-BF4B-00C04F79EFBC}") = "DecSm.Atom.Tests", "DecSm.Atom.Tests\DecSm.Atom.Tests.csproj", "{F6FFD343-5FDC-404E-996F-D76F8F29402F}"
EndProject
Project("{2150E333-8FDC-42A3-9474-1A3956D46DE8}") = "Tests", "Tests", "{5AD016BB-9A1F-4D16-AD1F-083184D7689E}"
EndProject
Project("{FAE04EC0-301F-11D3-BF4B-00C04F79EFBC}") = "_atom", "_atom\_atom.csproj", "{A26DBCF8-6379-4445-8D71-F72D724A7DB7}"
EndProject
Global
	GlobalSection(SolutionConfigurationPlatforms) = preSolution
		Debug|Any CPU = Debug|Any CPU
		Release|Any CPU = Release|Any CPU
	EndGlobalSection
	GlobalSection(ProjectConfigurationPlatforms) = postSolution
		{9FBBA0C3-97AA-45F2-9502-EE6BF9588BB2}.Debug|Any CPU.ActiveCfg = Debug|Any CPU
		{9FBBA0C3-97AA-45F2-9502-EE6BF9588BB2}.Debug|Any CPU.Build.0 = Debug|Any CPU
		{9FBBA0C3-97AA-45F2-9502-EE6BF9588BB2}.Release|Any CPU.ActiveCfg = Release|Any CPU
		{9FBBA0C3-97AA-45F2-9502-EE6BF9588BB2}.Release|Any CPU.Build.0 = Release|Any CPU
		{C35021AE-0500-4E5E-9EF0-CC52279A28AF}.Debug|Any CPU.ActiveCfg = Debug|Any CPU
		{C35021AE-0500-4E5E-9EF0-CC52279A28AF}.Debug|Any CPU.Build.0 = Debug|Any CPU
		{C35021AE-0500-4E5E-9EF0-CC52279A28AF}.Release|Any CPU.ActiveCfg = Release|Any CPU
		{C35021AE-0500-4E5E-9EF0-CC52279A28AF}.Release|Any CPU.Build.0 = Release|Any CPU
		{7EF9BD7C-C876-4FBC-BCD0-C02BA0F55C8E}.Debug|Any CPU.ActiveCfg = Debug|Any CPU
		{7EF9BD7C-C876-4FBC-BCD0-C02BA0F55C8E}.Debug|Any CPU.Build.0 = Debug|Any CPU
		{7EF9BD7C-C876-4FBC-BCD0-C02BA0F55C8E}.Release|Any CPU.ActiveCfg = Release|Any CPU
		{7EF9BD7C-C876-4FBC-BCD0-C02BA0F55C8E}.Release|Any CPU.Build.0 = Release|Any CPU
		{88376B30-0010-4834-945B-6ACA544FFFED}.Debug|Any CPU.ActiveCfg = Debug|Any CPU
		{88376B30-0010-4834-945B-6ACA544FFFED}.Debug|Any CPU.Build.0 = Debug|Any CPU
		{88376B30-0010-4834-945B-6ACA544FFFED}.Release|Any CPU.ActiveCfg = Release|Any CPU
		{88376B30-0010-4834-945B-6ACA544FFFED}.Release|Any CPU.Build.0 = Release|Any CPU
		{F6FFD343-5FDC-404E-996F-D76F8F29402F}.Debug|Any CPU.ActiveCfg = Debug|Any CPU
		{F6FFD343-5FDC-404E-996F-D76F8F29402F}.Debug|Any CPU.Build.0 = Debug|Any CPU
		{F6FFD343-5FDC-404E-996F-D76F8F29402F}.Release|Any CPU.ActiveCfg = Release|Any CPU
		{F6FFD343-5FDC-404E-996F-D76F8F29402F}.Release|Any CPU.Build.0 = Release|Any CPU
		{A26DBCF8-6379-4445-8D71-F72D724A7DB7}.Debug|Any CPU.ActiveCfg = Debug|Any CPU
		{A26DBCF8-6379-4445-8D71-F72D724A7DB7}.Debug|Any CPU.Build.0 = Debug|Any CPU
		{A26DBCF8-6379-4445-8D71-F72D724A7DB7}.Release|Any CPU.ActiveCfg = Release|Any CPU
		{A26DBCF8-6379-4445-8D71-F72D724A7DB7}.Release|Any CPU.Build.0 = Release|Any CPU
	EndGlobalSection
	GlobalSection(NestedProjects) = preSolution
		{7EF9BD7C-C876-4FBC-BCD0-C02BA0F55C8E} = {7F9DC0A4-12AC-48C1-B17F-B656EDFE5AFD}
		{88376B30-0010-4834-945B-6ACA544FFFED} = {7F9DC0A4-12AC-48C1-B17F-B656EDFE5AFD}
		{F6FFD343-5FDC-404E-996F-D76F8F29402F} = {5AD016BB-9A1F-4D16-AD1F-083184D7689E}
	EndGlobalSection
EndGlobal
