
Microsoft Visual Studio Solution File, Format Version 12.00
Project("{FAE04EC0-301F-11D3-BF4B-00C04F79EFBC}") = "DecSm.Atom.Tool", "DecSm.Atom.Tool\DecSm.Atom.Tool.csproj", "{279BBD0B-AC00-4EBC-284C-7424C997A031}"
EndProject
Project("{FAE04EC0-301F-11D3-BF4B-00C04F79EFBC}") = "DecSm.Atom", "DecSm.Atom\DecSm.Atom.csproj", "{09E9FA03-8DA8-3FAA-4C05-5D5045B29314}"
EndProject
Project("{FAE04EC0-301F-11D3-BF4B-00C04F79EFBC}") = "_atom", "_atom\_atom.csproj", "{23D9ED8B-19F7-BE8C-B8AF-CF93EEF82190}"
EndProject
Project("{FAE04EC0-301F-11D3-BF4B-00C04F79EFBC}") = "DecSm.Atom.Analyzers", "DecSm.Atom.Analyzers\DecSm.Atom.Analyzers.csproj", "{CE6AC3B8-7203-F1EA-EF01-015A08FD18F7}"
EndProject
Project("{FAE04EC0-301F-11D3-BF4B-00C04F79EFBC}") = "DecSm.Atom.SourceGenerators", "DecSm.Atom.SourceGenerators\DecSm.Atom.SourceGenerators.csproj", "{71570A81-B6E1-D72C-AD48-E90A5D0623DB}"
EndProject
Project("{FAE04EC0-301F-11D3-BF4B-00C04F79EFBC}") = "DecSm.Atom.Module.AzureKeyVault", "DecSm.Atom.Module.AzureKeyVault\DecSm.Atom.Module.AzureKeyVault.csproj", "{7D2D992D-9E65-BE87-C800-9D8AABDF67FB}"
EndProject
Project("{FAE04EC0-301F-11D3-BF4B-00C04F79EFBC}") = "DecSm.Atom.Module.AzureStorage", "DecSm.Atom.Module.AzureStorage\DecSm.Atom.Module.AzureStorage.csproj", "{3A683525-B0AB-E870-7C21-1C687D6355EE}"
EndProject
Project("{FAE04EC0-301F-11D3-BF4B-00C04F79EFBC}") = "DecSm.Atom.Module.DevopsWorkflows", "DecSm.Atom.Module.DevopsWorkflows\DecSm.Atom.Module.DevopsWorkflows.csproj", "{6931185E-0EBB-FC9C-5E95-E504C5630A3B}"
EndProject
Project("{FAE04EC0-301F-11D3-BF4B-00C04F79EFBC}") = "DecSm.Atom.Module.Dotnet", "DecSm.Atom.Module.Dotnet\DecSm.Atom.Module.Dotnet.csproj", "{AF46AA70-E093-FA0A-6445-B557135D8685}"
EndProject
Project("{FAE04EC0-301F-11D3-BF4B-00C04F79EFBC}") = "DecSm.Atom.Module.GithubWorkflows", "DecSm.Atom.Module.GithubWorkflows\DecSm.Atom.Module.GithubWorkflows.csproj", "{BF0BD9F0-E82F-99BD-301B-3F398AFE6817}"
EndProject
Project("{FAE04EC0-301F-11D3-BF4B-00C04F79EFBC}") = "DecSm.Atom.Module.GitVersion", "DecSm.Atom.Module.GitVersion\DecSm.Atom.Module.GitVersion.csproj", "{FF29E76A-53F1-DA19-E617-4C485D2A42BD}"
EndProject
Project("{FAE04EC0-301F-11D3-BF4B-00C04F79EFBC}") = "DecSm.Atom.Analyzers.Sample", "DecSm.Atom.Analyzers.Sample\DecSm.Atom.Analyzers.Sample.csproj", "{C6C1140B-E5AA-F383-D6C0-96247F11F565}"
EndProject
Project("{FAE04EC0-301F-11D3-BF4B-00C04F79EFBC}") = "Sample_01_HelloWorld", "Sample_01_HelloWorld\Sample_01_HelloWorld.csproj", "{8639E277-69B3-0B2C-CBB5-F13459AA80F9}"
EndProject
Project("{FAE04EC0-301F-11D3-BF4B-00C04F79EFBC}") = "Sample_02_Params", "Sample_02_Params\Sample_02_Params.csproj", "{6D9D8E81-E7E2-4AD0-24E2-2F1220042688}"
EndProject
Project("{FAE04EC0-301F-11D3-BF4B-00C04F79EFBC}") = "DecSm.Atom.Analyzers.Tests", "DecSm.Atom.Analyzers.Tests\DecSm.Atom.Analyzers.Tests.csproj", "{B8D3092A-BDEF-81B2-CB6E-6CA3518705EB}"
EndProject
Project("{FAE04EC0-301F-11D3-BF4B-00C04F79EFBC}") = "DecSm.Atom.Module.GithubWorkflows.Tests", "DecSm.Atom.Module.GithubWorkflows.Tests\DecSm.Atom.Module.GithubWorkflows.Tests.csproj", "{B2DDB9D3-BB2B-9A12-CA5F-8571362293E0}"
EndProject
Project("{FAE04EC0-301F-11D3-BF4B-00C04F79EFBC}") = "DecSm.Atom.SourceGenerators.Tests", "DecSm.Atom.SourceGenerators.Tests\DecSm.Atom.SourceGenerators.Tests.csproj", "{E7652EE6-E667-FEA6-9EC3-C4FA6D4DD1B4}"
EndProject
Project("{FAE04EC0-301F-11D3-BF4B-00C04F79EFBC}") = "DecSm.Atom.Tests", "DecSm.Atom.Tests\DecSm.Atom.Tests.csproj", "{1E1A776D-B992-280D-7A5E-AE4303A98380}"
EndProject
Project("{FAE04EC0-301F-11D3-BF4B-00C04F79EFBC}") = "DecSm.Atom.TestUtils", "DecSm.Atom.TestUtils\DecSm.Atom.TestUtils.csproj", "{B6751E97-BB09-855C-D1DA-DA67B9A8A3FD}"
EndProject
Project("{2150E333-8FDC-42A3-9474-1A3956D46DE8}") = "Analyzers", "Analyzers", "{F883AD26-E2D9-0064-49F2-B333EF800629}"
EndProject
Project("{2150E333-8FDC-42A3-9474-1A3956D46DE8}") = "Modules", "Modules", "{CA253913-39DE-BFD0-C9A3-4B7EC6FBDF17}"
EndProject
Project("{2150E333-8FDC-42A3-9474-1A3956D46DE8}") = "Samples", "Samples", "{5D20AA90-6969-D8BD-9DCD-8634F4692FDA}"
EndProject
Project("{2150E333-8FDC-42A3-9474-1A3956D46DE8}") = "Tests", "Tests", "{0AB3BF05-4346-4AA6-1389-037BE0695223}"
EndProject
Global
	GlobalSection(SolutionConfigurationPlatforms) = preSolution
		Debug|Any CPU = Debug|Any CPU
		Release|Any CPU = Release|Any CPU
	EndGlobalSection
	GlobalSection(ProjectConfigurationPlatforms) = postSolution
		{279BBD0B-AC00-4EBC-284C-7424C997A031}.Debug|Any CPU.ActiveCfg = Debug|Any CPU
		{279BBD0B-AC00-4EBC-284C-7424C997A031}.Debug|Any CPU.Build.0 = Debug|Any CPU
		{279BBD0B-AC00-4EBC-284C-7424C997A031}.Release|Any CPU.ActiveCfg = Release|Any CPU
		{279BBD0B-AC00-4EBC-284C-7424C997A031}.Release|Any CPU.Build.0 = Release|Any CPU
		{09E9FA03-8DA8-3FAA-4C05-5D5045B29314}.Debug|Any CPU.ActiveCfg = Debug|Any CPU
		{09E9FA03-8DA8-3FAA-4C05-5D5045B29314}.Debug|Any CPU.Build.0 = Debug|Any CPU
		{09E9FA03-8DA8-3FAA-4C05-5D5045B29314}.Release|Any CPU.ActiveCfg = Release|Any CPU
		{09E9FA03-8DA8-3FAA-4C05-5D5045B29314}.Release|Any CPU.Build.0 = Release|Any CPU
		{23D9ED8B-19F7-BE8C-B8AF-CF93EEF82190}.Debug|Any CPU.ActiveCfg = Debug|Any CPU
		{23D9ED8B-19F7-BE8C-B8AF-CF93EEF82190}.Debug|Any CPU.Build.0 = Debug|Any CPU
		{23D9ED8B-19F7-BE8C-B8AF-CF93EEF82190}.Release|Any CPU.ActiveCfg = Release|Any CPU
		{23D9ED8B-19F7-BE8C-B8AF-CF93EEF82190}.Release|Any CPU.Build.0 = Release|Any CPU
		{CE6AC3B8-7203-F1EA-EF01-015A08FD18F7}.Debug|Any CPU.ActiveCfg = Debug|Any CPU
		{CE6AC3B8-7203-F1EA-EF01-015A08FD18F7}.Debug|Any CPU.Build.0 = Debug|Any CPU
		{CE6AC3B8-7203-F1EA-EF01-015A08FD18F7}.Release|Any CPU.ActiveCfg = Release|Any CPU
		{CE6AC3B8-7203-F1EA-EF01-015A08FD18F7}.Release|Any CPU.Build.0 = Release|Any CPU
		{71570A81-B6E1-D72C-AD48-E90A5D0623DB}.Debug|Any CPU.ActiveCfg = Debug|Any CPU
		{71570A81-B6E1-D72C-AD48-E90A5D0623DB}.Debug|Any CPU.Build.0 = Debug|Any CPU
		{71570A81-B6E1-D72C-AD48-E90A5D0623DB}.Release|Any CPU.ActiveCfg = Release|Any CPU
		{71570A81-B6E1-D72C-AD48-E90A5D0623DB}.Release|Any CPU.Build.0 = Release|Any CPU
		{7D2D992D-9E65-BE87-C800-9D8AABDF67FB}.Debug|Any CPU.ActiveCfg = Debug|Any CPU
		{7D2D992D-9E65-BE87-C800-9D8AABDF67FB}.Debug|Any CPU.Build.0 = Debug|Any CPU
		{7D2D992D-9E65-BE87-C800-9D8AABDF67FB}.Release|Any CPU.ActiveCfg = Release|Any CPU
		{7D2D992D-9E65-BE87-C800-9D8AABDF67FB}.Release|Any CPU.Build.0 = Release|Any CPU
		{3A683525-B0AB-E870-7C21-1C687D6355EE}.Debug|Any CPU.ActiveCfg = Debug|Any CPU
		{3A683525-B0AB-E870-7C21-1C687D6355EE}.Debug|Any CPU.Build.0 = Debug|Any CPU
		{3A683525-B0AB-E870-7C21-1C687D6355EE}.Release|Any CPU.ActiveCfg = Release|Any CPU
		{3A683525-B0AB-E870-7C21-1C687D6355EE}.Release|Any CPU.Build.0 = Release|Any CPU
		{6931185E-0EBB-FC9C-5E95-E504C5630A3B}.Debug|Any CPU.ActiveCfg = Debug|Any CPU
		{6931185E-0EBB-FC9C-5E95-E504C5630A3B}.Debug|Any CPU.Build.0 = Debug|Any CPU
		{6931185E-0EBB-FC9C-5E95-E504C5630A3B}.Release|Any CPU.ActiveCfg = Release|Any CPU
		{6931185E-0EBB-FC9C-5E95-E504C5630A3B}.Release|Any CPU.Build.0 = Release|Any CPU
		{AF46AA70-E093-FA0A-6445-B557135D8685}.Debug|Any CPU.ActiveCfg = Debug|Any CPU
		{AF46AA70-E093-FA0A-6445-B557135D8685}.Debug|Any CPU.Build.0 = Debug|Any CPU
		{AF46AA70-E093-FA0A-6445-B557135D8685}.Release|Any CPU.ActiveCfg = Release|Any CPU
		{AF46AA70-E093-FA0A-6445-B557135D8685}.Release|Any CPU.Build.0 = Release|Any CPU
		{BF0BD9F0-E82F-99BD-301B-3F398AFE6817}.Debug|Any CPU.ActiveCfg = Debug|Any CPU
		{BF0BD9F0-E82F-99BD-301B-3F398AFE6817}.Debug|Any CPU.Build.0 = Debug|Any CPU
		{BF0BD9F0-E82F-99BD-301B-3F398AFE6817}.Release|Any CPU.ActiveCfg = Release|Any CPU
		{BF0BD9F0-E82F-99BD-301B-3F398AFE6817}.Release|Any CPU.Build.0 = Release|Any CPU
		{FF29E76A-53F1-DA19-E617-4C485D2A42BD}.Debug|Any CPU.ActiveCfg = Debug|Any CPU
		{FF29E76A-53F1-DA19-E617-4C485D2A42BD}.Debug|Any CPU.Build.0 = Debug|Any CPU
		{FF29E76A-53F1-DA19-E617-4C485D2A42BD}.Release|Any CPU.ActiveCfg = Release|Any CPU
		{FF29E76A-53F1-DA19-E617-4C485D2A42BD}.Release|Any CPU.Build.0 = Release|Any CPU
		{C6C1140B-E5AA-F383-D6C0-96247F11F565}.Debug|Any CPU.ActiveCfg = Debug|Any CPU
		{C6C1140B-E5AA-F383-D6C0-96247F11F565}.Debug|Any CPU.Build.0 = Debug|Any CPU
		{C6C1140B-E5AA-F383-D6C0-96247F11F565}.Release|Any CPU.ActiveCfg = Release|Any CPU
		{C6C1140B-E5AA-F383-D6C0-96247F11F565}.Release|Any CPU.Build.0 = Release|Any CPU
		{8639E277-69B3-0B2C-CBB5-F13459AA80F9}.Debug|Any CPU.ActiveCfg = Debug|Any CPU
		{8639E277-69B3-0B2C-CBB5-F13459AA80F9}.Debug|Any CPU.Build.0 = Debug|Any CPU
		{8639E277-69B3-0B2C-CBB5-F13459AA80F9}.Release|Any CPU.ActiveCfg = Release|Any CPU
		{8639E277-69B3-0B2C-CBB5-F13459AA80F9}.Release|Any CPU.Build.0 = Release|Any CPU
		{6D9D8E81-E7E2-4AD0-24E2-2F1220042688}.Debug|Any CPU.ActiveCfg = Debug|Any CPU
		{6D9D8E81-E7E2-4AD0-24E2-2F1220042688}.Debug|Any CPU.Build.0 = Debug|Any CPU
		{6D9D8E81-E7E2-4AD0-24E2-2F1220042688}.Release|Any CPU.ActiveCfg = Release|Any CPU
		{6D9D8E81-E7E2-4AD0-24E2-2F1220042688}.Release|Any CPU.Build.0 = Release|Any CPU
		{B8D3092A-BDEF-81B2-CB6E-6CA3518705EB}.Debug|Any CPU.ActiveCfg = Debug|Any CPU
		{B8D3092A-BDEF-81B2-CB6E-6CA3518705EB}.Debug|Any CPU.Build.0 = Debug|Any CPU
		{B8D3092A-BDEF-81B2-CB6E-6CA3518705EB}.Release|Any CPU.ActiveCfg = Release|Any CPU
		{B8D3092A-BDEF-81B2-CB6E-6CA3518705EB}.Release|Any CPU.Build.0 = Release|Any CPU
		{B2DDB9D3-BB2B-9A12-CA5F-8571362293E0}.Debug|Any CPU.ActiveCfg = Debug|Any CPU
		{B2DDB9D3-BB2B-9A12-CA5F-8571362293E0}.Debug|Any CPU.Build.0 = Debug|Any CPU
		{B2DDB9D3-BB2B-9A12-CA5F-8571362293E0}.Release|Any CPU.ActiveCfg = Release|Any CPU
		{B2DDB9D3-BB2B-9A12-CA5F-8571362293E0}.Release|Any CPU.Build.0 = Release|Any CPU
		{E7652EE6-E667-FEA6-9EC3-C4FA6D4DD1B4}.Debug|Any CPU.ActiveCfg = Debug|Any CPU
		{E7652EE6-E667-FEA6-9EC3-C4FA6D4DD1B4}.Debug|Any CPU.Build.0 = Debug|Any CPU
		{E7652EE6-E667-FEA6-9EC3-C4FA6D4DD1B4}.Release|Any CPU.ActiveCfg = Release|Any CPU
		{E7652EE6-E667-FEA6-9EC3-C4FA6D4DD1B4}.Release|Any CPU.Build.0 = Release|Any CPU
		{1E1A776D-B992-280D-7A5E-AE4303A98380}.Debug|Any CPU.ActiveCfg = Debug|Any CPU
		{1E1A776D-B992-280D-7A5E-AE4303A98380}.Debug|Any CPU.Build.0 = Debug|Any CPU
		{1E1A776D-B992-280D-7A5E-AE4303A98380}.Release|Any CPU.ActiveCfg = Release|Any CPU
		{1E1A776D-B992-280D-7A5E-AE4303A98380}.Release|Any CPU.Build.0 = Release|Any CPU
		{B6751E97-BB09-855C-D1DA-DA67B9A8A3FD}.Debug|Any CPU.ActiveCfg = Debug|Any CPU
		{B6751E97-BB09-855C-D1DA-DA67B9A8A3FD}.Debug|Any CPU.Build.0 = Debug|Any CPU
		{B6751E97-BB09-855C-D1DA-DA67B9A8A3FD}.Release|Any CPU.ActiveCfg = Release|Any CPU
		{B6751E97-BB09-855C-D1DA-DA67B9A8A3FD}.Release|Any CPU.Build.0 = Release|Any CPU
	EndGlobalSection
	GlobalSection(NestedProjects) = preSolution
		{CE6AC3B8-7203-F1EA-EF01-015A08FD18F7} = {F883AD26-E2D9-0064-49F2-B333EF800629}
		{71570A81-B6E1-D72C-AD48-E90A5D0623DB} = {F883AD26-E2D9-0064-49F2-B333EF800629}
		{7D2D992D-9E65-BE87-C800-9D8AABDF67FB} = {CA253913-39DE-BFD0-C9A3-4B7EC6FBDF17}
		{3A683525-B0AB-E870-7C21-1C687D6355EE} = {CA253913-39DE-BFD0-C9A3-4B7EC6FBDF17}
		{6931185E-0EBB-FC9C-5E95-E504C5630A3B} = {CA253913-39DE-BFD0-C9A3-4B7EC6FBDF17}
		{AF46AA70-E093-FA0A-6445-B557135D8685} = {CA253913-39DE-BFD0-C9A3-4B7EC6FBDF17}
		{BF0BD9F0-E82F-99BD-301B-3F398AFE6817} = {CA253913-39DE-BFD0-C9A3-4B7EC6FBDF17}
		{FF29E76A-53F1-DA19-E617-4C485D2A42BD} = {CA253913-39DE-BFD0-C9A3-4B7EC6FBDF17}
		{C6C1140B-E5AA-F383-D6C0-96247F11F565} = {5D20AA90-6969-D8BD-9DCD-8634F4692FDA}
		{8639E277-69B3-0B2C-CBB5-F13459AA80F9} = {5D20AA90-6969-D8BD-9DCD-8634F4692FDA}
		{6D9D8E81-E7E2-4AD0-24E2-2F1220042688} = {5D20AA90-6969-D8BD-9DCD-8634F4692FDA}
		{B8D3092A-BDEF-81B2-CB6E-6CA3518705EB} = {0AB3BF05-4346-4AA6-1389-037BE0695223}
		{B2DDB9D3-BB2B-9A12-CA5F-8571362293E0} = {0AB3BF05-4346-4AA6-1389-037BE0695223}
		{E7652EE6-E667-FEA6-9EC3-C4FA6D4DD1B4} = {0AB3BF05-4346-4AA6-1389-037BE0695223}
		{1E1A776D-B992-280D-7A5E-AE4303A98380} = {0AB3BF05-4346-4AA6-1389-037BE0695223}
		{B6751E97-BB09-855C-D1DA-DA67B9A8A3FD} = {0AB3BF05-4346-4AA6-1389-037BE0695223}
	EndGlobalSection
EndGlobal
